
Microsoft Visual Studio Solution File, Format Version 12.00
# Visual Studio Version 17
VisualStudioVersion = 17.5.33502.453
MinimumVisualStudioVersion = 10.0.40219.1
Project("{9A19103F-16F7-4668-BE54-9A1E7A4F7556}") = "UserMgmtApi", "UserMgmtApi\UserMgmtApi.csproj", "{0AF4E80C-65EA-4299-804D-3CD223FBB291}"
EndProject
Project("{54A90642-561A-4BB1-A94E-469ADEE60C69}") = "user-app", "user-app\user-app.esproj", "{3B90D5CC-1886-4FF1-ADA8-081006930594}"
EndProject
Global
	GlobalSection(SolutionConfigurationPlatforms) = preSolution
		Debug|Any CPU = Debug|Any CPU
		Release|Any CPU = Release|Any CPU
	EndGlobalSection
	GlobalSection(ProjectConfigurationPlatforms) = postSolution
		{0AF4E80C-65EA-4299-804D-3CD223FBB291}.Debug|Any CPU.ActiveCfg = Debug|Any CPU
		{0AF4E80C-65EA-4299-804D-3CD223FBB291}.Debug|Any CPU.Build.0 = Debug|Any CPU
		{0AF4E80C-65EA-4299-804D-3CD223FBB291}.Release|Any CPU.ActiveCfg = Release|Any CPU
		{0AF4E80C-65EA-4299-804D-3CD223FBB291}.Release|Any CPU.Build.0 = Release|Any CPU
		{3B90D5CC-1886-4FF1-ADA8-081006930594}.Debug|Any CPU.ActiveCfg = Debug|Any CPU
		{3B90D5CC-1886-4FF1-ADA8-081006930594}.Debug|Any CPU.Build.0 = Debug|Any CPU
		{3B90D5CC-1886-4FF1-ADA8-081006930594}.Debug|Any CPU.Deploy.0 = Debug|Any CPU
		{3B90D5CC-1886-4FF1-ADA8-081006930594}.Release|Any CPU.ActiveCfg = Release|Any CPU
		{3B90D5CC-1886-4FF1-ADA8-081006930594}.Release|Any CPU.Build.0 = Release|Any CPU
		{3B90D5CC-1886-4FF1-ADA8-081006930594}.Release|Any CPU.Deploy.0 = Release|Any CPU
	EndGlobalSection
	GlobalSection(SolutionProperties) = preSolution
		HideSolutionNode = FALSE
	EndGlobalSection
	GlobalSection(ExtensibilityGlobals) = postSolution
		SolutionGuid = {1F7CD031-0DFF-4180-867D-1B81EA348CF1}
	EndGlobalSection
EndGlobal
